
Microsoft Visual Studio Solution File, Format Version 12.00
# Visual Studio 15
VisualStudioVersion = 15.0.28307.106
MinimumVisualStudioVersion = 10.0.40219.1
Project("{FAE04EC0-301F-11D3-BF4B-00C04F79EFBC}") = "DavinciToday", "DavinciToday\DavinciToday.csproj", "{3E8D3E0B-5AEA-4B44-9D9D-96ACF05AD4FE}"
EndProject
Global
	GlobalSection(SolutionConfigurationPlatforms) = preSolution
		Debug|Any CPU = Debug|Any CPU
		Release|Any CPU = Release|Any CPU
	EndGlobalSection
	GlobalSection(ProjectConfigurationPlatforms) = postSolution
		{3E8D3E0B-5AEA-4B44-9D9D-96ACF05AD4FE}.Debug|Any CPU.ActiveCfg = Debug|Any CPU
		{3E8D3E0B-5AEA-4B44-9D9D-96ACF05AD4FE}.Debug|Any CPU.Build.0 = Debug|Any CPU
		{3E8D3E0B-5AEA-4B44-9D9D-96ACF05AD4FE}.Release|Any CPU.ActiveCfg = Release|Any CPU
		{3E8D3E0B-5AEA-4B44-9D9D-96ACF05AD4FE}.Release|Any CPU.Build.0 = Release|Any CPU
	EndGlobalSection
	GlobalSection(SolutionProperties) = preSolution
		HideSolutionNode = FALSE
	EndGlobalSection
	GlobalSection(ExtensibilityGlobals) = postSolution
		SolutionGuid = {17D0071E-22DF-4968-B5A3-C413810E3F0F}
	EndGlobalSection
EndGlobal
